{
  "name": "squel-influx-flavor",
  "version": "1.0.0",
  "lockfileVersion": 1,
  "requires": true,
  "dependencies": {
    "squel": {
      "version": "5.12.0",
      "resolved": "https://registry.npmjs.org/squel/-/squel-5.12.0.tgz",
      "integrity": "sha1-+NAxDbjSymO1w2wR3vwPeZP8944="
    }
  }
}
